
Microsoft Visual Studio Solution File, Format Version 12.00
# Visual Studio 14
VisualStudioVersion = 14.0.25420.1
MinimumVisualStudioVersion = 10.0.40219.1
Project("{888888A0-9F3D-457C-B088-3A5042F75D52}") = "CTF_Challenge_L1", "CTF_Challenge_L1\CTF_Challenge_L1.pyproj", "{6841FE37-9787-4FDB-A17D-00D07726387D}"
EndProject
Project("{2150E333-8FDC-42A3-9474-1A3956D46DE8}") = "Solution Items", "Solution Items", "{A88D13AF-CC94-4143-B682-59EA67EBE763}"
	ProjectSection(SolutionItems) = preProject
		CTF_Challenge_L1\decoded.txt = CTF_Challenge_L1\decoded.txt
		CTF_Challenge_L1\decoded2.txt = CTF_Challenge_L1\decoded2.txt
		CTF_Challenge_L1\decoded3.txt = CTF_Challenge_L1\decoded3.txt
		CTF_Challenge_L1\decoded4.txt = CTF_Challenge_L1\decoded4.txt
	EndProjectSection
EndProject
Project("{888888A0-9F3D-457C-B088-3A5042F75D52}") = "PythonApplication1", "PythonApplication1\PythonApplication1.pyproj", "{A4FB71BD-A3D3-4061-90E2-5C5A34FCB7D2}"
EndProject
Global
	GlobalSection(SolutionConfigurationPlatforms) = preSolution
		Debug|Any CPU = Debug|Any CPU
		Release|Any CPU = Release|Any CPU
	EndGlobalSection
	GlobalSection(ProjectConfigurationPlatforms) = postSolution
		{6841FE37-9787-4FDB-A17D-00D07726387D}.Debug|Any CPU.ActiveCfg = Debug|Any CPU
		{6841FE37-9787-4FDB-A17D-00D07726387D}.Release|Any CPU.ActiveCfg = Release|Any CPU
		{A4FB71BD-A3D3-4061-90E2-5C5A34FCB7D2}.Debug|Any CPU.ActiveCfg = Debug|Any CPU
		{A4FB71BD-A3D3-4061-90E2-5C5A34FCB7D2}.Release|Any CPU.ActiveCfg = Release|Any CPU
	EndGlobalSection
	GlobalSection(SolutionProperties) = preSolution
		HideSolutionNode = FALSE
	EndGlobalSection
EndGlobal
